
Microsoft Visual Studio Solution File, Format Version 12.00
# Visual Studio 15
VisualStudioVersion = 15.0.28010.2003
MinimumVisualStudioVersion = 10.0.40219.1
Project("{FAE04EC0-301F-11D3-BF4B-00C04F79EFBC}") = "Exam_Online", "Exam_Online\Exam_Online.csproj", "{49A50FEB-B9DA-4B94-B3FC-742D8E66BCFD}"
EndProject
Global
	GlobalSection(SolutionConfigurationPlatforms) = preSolution
		Debug|Any CPU = Debug|Any CPU
		Release|Any CPU = Release|Any CPU
	EndGlobalSection
	GlobalSection(ProjectConfigurationPlatforms) = postSolution
		{49A50FEB-B9DA-4B94-B3FC-742D8E66BCFD}.Debug|Any CPU.ActiveCfg = Debug|Any CPU
		{49A50FEB-B9DA-4B94-B3FC-742D8E66BCFD}.Debug|Any CPU.Build.0 = Debug|Any CPU
		{49A50FEB-B9DA-4B94-B3FC-742D8E66BCFD}.Release|Any CPU.ActiveCfg = Release|Any CPU
		{49A50FEB-B9DA-4B94-B3FC-742D8E66BCFD}.Release|Any CPU.Build.0 = Release|Any CPU
	EndGlobalSection
	GlobalSection(SolutionProperties) = preSolution
		HideSolutionNode = FALSE
	EndGlobalSection
	GlobalSection(ExtensibilityGlobals) = postSolution
		SolutionGuid = {B8D37645-1904-454F-8270-1123CC2F9D60}
	EndGlobalSection
EndGlobal
